
Microsoft Visual Studio Solution File, Format Version 12.00
# Visual Studio Version 17
VisualStudioVersion = 17.2.32630.192
MinimumVisualStudioVersion = 10.0.40219.1
Project("{FAE04EC0-301F-11D3-BF4B-00C04F79EFBC}") = "PasswordManager_Desktop", "PasswordManager_Desktop\PasswordManager_Desktop.csproj", "{2B5EAF84-CE06-44DB-8EA7-54A8DA8A7798}"
EndProject
Global
	GlobalSection(SolutionConfigurationPlatforms) = preSolution
		Debug|Any CPU = Debug|Any CPU
		Release|Any CPU = Release|Any CPU
	EndGlobalSection
	GlobalSection(ProjectConfigurationPlatforms) = postSolution
		{2B5EAF84-CE06-44DB-8EA7-54A8DA8A7798}.Debug|Any CPU.ActiveCfg = Debug|Any CPU
		{2B5EAF84-CE06-44DB-8EA7-54A8DA8A7798}.Debug|Any CPU.Build.0 = Debug|Any CPU
		{2B5EAF84-CE06-44DB-8EA7-54A8DA8A7798}.Release|Any CPU.ActiveCfg = Release|Any CPU
		{2B5EAF84-CE06-44DB-8EA7-54A8DA8A7798}.Release|Any CPU.Build.0 = Release|Any CPU
	EndGlobalSection
	GlobalSection(SolutionProperties) = preSolution
		HideSolutionNode = FALSE
	EndGlobalSection
	GlobalSection(ExtensibilityGlobals) = postSolution
		SolutionGuid = {D24C505A-3BA3-4300-8398-91F19388B0E7}
	EndGlobalSection
EndGlobal
